
Microsoft Visual Studio Solution File, Format Version 12.00
# Visual Studio Version 17
VisualStudioVersion = 17.4.33205.214
MinimumVisualStudioVersion = 10.0.40219.1
Project("{FAE04EC0-301F-11D3-BF4B-00C04F79EFBC}") = "WPFGenericHost", "WPFGenericHost.csproj", "{054B1058-B52C-4C39-A385-2C30AF524827}"
EndProject
Global
	GlobalSection(SolutionConfigurationPlatforms) = preSolution
		Debug|Any CPU = Debug|Any CPU
		Release|Any CPU = Release|Any CPU
	EndGlobalSection
	GlobalSection(ProjectConfigurationPlatforms) = postSolution
		{054B1058-B52C-4C39-A385-2C30AF524827}.Debug|Any CPU.ActiveCfg = Debug|Any CPU
		{054B1058-B52C-4C39-A385-2C30AF524827}.Debug|Any CPU.Build.0 = Debug|Any CPU
		{054B1058-B52C-4C39-A385-2C30AF524827}.Release|Any CPU.ActiveCfg = Release|Any CPU
		{054B1058-B52C-4C39-A385-2C30AF524827}.Release|Any CPU.Build.0 = Release|Any CPU
	EndGlobalSection
	GlobalSection(SolutionProperties) = preSolution
		HideSolutionNode = FALSE
	EndGlobalSection
	GlobalSection(ExtensibilityGlobals) = postSolution
		SolutionGuid = {C1AB6DA8-63DE-4AB4-AFB0-41F3E3A18E32}
	EndGlobalSection
EndGlobal
